// !$*UTF8*$!
{
	archiveVersion = 1;
	classes = {
	};
	objectVersion = 46;
	objects = {

/* Begin PBXBuildFile section */
		A7D5D35E191AD89400635A47 /* Foundation.framework in Frameworks */ = {isa = PBXBuildFile; fileRef = A7D5D35D191AD89400635A47 /* Foundation.framework */; };
		A7D5D360191AD89400635A47 /* CoreGraphics.framework in Frameworks */ = {isa = PBXBuildFile; fileRef = A7D5D35F191AD89400635A47 /* CoreGraphics.framework */; };
		A7D5D362191AD89400635A47 /* UIKit.framework in Frameworks */ = {isa = PBXBuildFile; fileRef = A7D5D361191AD89400635A47 /* UIKit.framework */; };
		A7D5D368191AD89400635A47 /* InfoPlist.strings in Resources */ = {isa = PBXBuildFile; fileRef = A7D5D366191AD89400635A47 /* InfoPlist.strings */; };
		A7D5D36A191AD89400635A47 /* main.m in Sources */ = {isa = PBXBuildFile; fileRef = A7D5D369191AD89400635A47 /* main.m */; };
		A7D5D36E191AD89400635A47 /* LMAAppDelegate.m in Sources */ = {isa = PBXBuildFile; fileRef = A7D5D36D191AD89400635A47 /* LMAAppDelegate.m */; };
		A7D5D371191AD89400635A47 /* Main.storyboard in Resources */ = {isa = PBXBuildFile; fileRef = A7D5D36F191AD89400635A47 /* Main.storyboard */; };
		A7D5D374191AD89500635A47 /* LMAViewController.m in Sources */ = {isa = PBXBuildFile; fileRef = A7D5D373191AD89500635A47 /* LMAViewController.m */; };
		A7D5D376191AD89500635A47 /* Images.xcassets in Resources */ = {isa = PBXBuildFile; fileRef = A7D5D375191AD89500635A47 /* Images.xcassets */; };
		A7D5D37D191AD89500635A47 /* XCTest.framework in Frameworks */ = {isa = PBXBuildFile; fileRef = A7D5D37C191AD89500635A47 /* XCTest.framework */; };
		A7D5D37E191AD89500635A47 /* Foundation.framework in Frameworks */ = {isa = PBXBuildFile; fileRef = A7D5D35D191AD89400635A47 /* Foundation.framework */; };
		A7D5D37F191AD89500635A47 /* UIKit.framework in Frameworks */ = {isa = PBXBuildFile; fileRef = A7D5D361191AD89400635A47 /* UIKit.framework */; };
		A7D5D387191AD89500635A47 /* InfoPlist.strings in Resources */ = {isa = PBXBuildFile; fileRef = A7D5D385191AD89500635A47 /* InfoPlist.strings */; };
		A7D5D389191AD89500635A47 /* HelloWorldExercisesTests.m in Sources */ = {isa = PBXBuildFile; fileRef = A7D5D388191AD89500635A47 /* HelloWorldExercisesTests.m */; };
/* End PBXBuildFile section */

/* Begin PBXContainerItemProxy section */
		A7D5D380191AD89500635A47 /* PBXContainerItemProxy */ = {
			isa = PBXContainerItemProxy;
			containerPortal = A7D5D352191AD89400635A47 /* Project object */;
			proxyType = 1;
			remoteGlobalIDString = A7D5D359191AD89400635A47;
			remoteInfo = HelloWorldExercises;
		};
/* End PBXContainerItemProxy section */

/* Begin PBXFileReference section */
		A7D5D35A191AD89400635A47 /* HelloWorldExercises.app */ = {isa = PBXFileReference; explicitFileType = wrapper.application; includeInIndex = 0; path = HelloWorldExercises.app; sourceTree = BUILT_PRODUCTS_DIR; };
		A7D5D35D191AD89400635A47 /* Foundation.framework */ = {isa = PBXFileReference; lastKnownFileType = wrapper.framework; name = Foundation.framework; path = System/Library/Frameworks/Foundation.framework; sourceTree = SDKROOT; };
		A7D5D35F191AD89400635A47 /* CoreGraphics.framework */ = {isa = PBXFileReference; lastKnownFileType = wrapper.framework; name = CoreGraphics.framework; path = System/Library/Frameworks/CoreGraphics.framework; sourceTree = SDKROOT; };
		A7D5D361191AD89400635A47 /* UIKit.framework */ = {isa = PBXFileReference; lastKnownFileType = wrapper.framework; name = UIKit.framework; path = System/Library/Frameworks/UIKit.framework; sourceTree = SDKROOT; };
		A7D5D365191AD89400635A47 /* HelloWorldExercises-Info.plist */ = {isa = PBXFileReference; lastKnownFileType = text.plist.xml; path = "HelloWorldExercises-Info.plist"; sourceTree = "<group>"; };
		A7D5D367191AD89400635A47 /* en */ = {isa = PBXFileReference; lastKnownFileType = text.plist.strings; name = en; path = en.lproj/InfoPlist.strings; sourceTree = "<group>"; };
		A7D5D369191AD89400635A47 /* main.m */ = {isa = PBXFileReference; lastKnownFileType = sourcecode.c.objc; path = main.m; sourceTree = "<group>"; };
		A7D5D36B191AD89400635A47 /* HelloWorldExercises-Prefix.pch */ = {isa = PBXFileReference; lastKnownFileType = sourcecode.c.h; path = "HelloWorldExercises-Prefix.pch"; sourceTree = "<group>"; };
		A7D5D36C191AD89400635A47 /* LMAAppDelegate.h */ = {isa = PBXFileReference; lastKnownFileType = sourcecode.c.h; path = LMAAppDelegate.h; sourceTree = "<group>"; };
		A7D5D36D191AD89400635A47 /* LMAAppDelegate.m */ = {isa = PBXFileReference; lastKnownFileType = sourcecode.c.objc; path = LMAAppDelegate.m; sourceTree = "<group>"; };
		A7D5D370191AD89400635A47 /* Base */ = {isa = PBXFileReference; lastKnownFileType = file.storyboard; name = Base; path = Base.lproj/Main.storyboard; sourceTree = "<group>"; };
		A7D5D372191AD89400635A47 /* LMAViewController.h */ = {isa = PBXFileReference; lastKnownFileType = sourcecode.c.h; path = LMAViewController.h; sourceTree = "<group>"; };
		A7D5D373191AD89500635A47 /* LMAViewController.m */ = {isa = PBXFileReference; lastKnownFileType = sourcecode.c.objc; path = LMAViewController.m; sourceTree = "<group>"; };
		A7D5D375191AD89500635A47 /* Images.xcassets */ = {isa = PBXFileReference; lastKnownFileType = folder.assetcatalog; path = Images.xcassets; sourceTree = "<group>"; };
		A7D5D37B191AD89500635A47 /* HelloWorldExercisesTests.xctest */ = {isa = PBXFileReference; explicitFileType = wrapper.cfbundle; includeInIndex = 0; path = HelloWorldExercisesTests.xctest; sourceTree = BUILT_PRODUCTS_DIR; };
		A7D5D37C191AD89500635A47 /* XCTest.framework */ = {isa = PBXFileReference; lastKnownFileType = wrapper.framework; name = XCTest.framework; path = Library/Frameworks/XCTest.framework; sourceTree = DEVELOPER_DIR; };
		A7D5D384191AD89500635A47 /* HelloWorldExercisesTests-Info.plist */ = {isa = PBXFileReference; lastKnownFileType = text.plist.xml; path = "HelloWorldExercisesTests-Info.plist"; sourceTree = "<group>"; };
		A7D5D386191AD89500635A47 /* en */ = {isa = PBXFileReference; lastKnownFileType = text.plist.strings; name = en; path = en.lproj/InfoPlist.strings; sourceTree = "<group>"; };
		A7D5D388191AD89500635A47 /* HelloWorldExercisesTests.m */ = {isa = PBXFileReference; lastKnownFileType = sourcecode.c.objc; path = HelloWorldExercisesTests.m; sourceTree = "<group>"; };
/* End PBXFileReference section */

/* Begin PBXFrameworksBuildPhase section */
		A7D5D357191AD89400635A47 /* Frameworks */ = {
			isa = PBXFrameworksBuildPhase;
			buildActionMask = 2147483647;
			files = (
				A7D5D360191AD89400635A47 /* CoreGraphics.framework in Frameworks */,
				A7D5D362191AD89400635A47 /* UIKit.framework in Frameworks */,
				A7D5D35E191AD89400635A47 /* Foundation.framework in Frameworks */,
			);
			runOnlyForDeploymentPostprocessing = 0;
		};
		A7D5D378191AD89500635A47 /* Frameworks */ = {
			isa = PBXFrameworksBuildPhase;
			buildActionMask = 2147483647;
			files = (
				A7D5D37D191AD89500635A47 /* XCTest.framework in Frameworks */,
				A7D5D37F191AD89500635A47 /* UIKit.framework in Frameworks */,
				A7D5D37E191AD89500635A47 /* Foundation.framework in Frameworks */,
			);
			runOnlyForDeploymentPostprocessing = 0;
		};
/* End PBXFrameworksBuildPhase section */

/* Begin PBXGroup section */
		A7D5D351191AD89400635A47 = {
			isa = PBXGroup;
			children = (
				A7D5D363191AD89400635A47 /* HelloWorldExercises */,
				A7D5D382191AD89500635A47 /* HelloWorldExercisesTests */,
				A7D5D35C191AD89400635A47 /* Frameworks */,
				A7D5D35B191AD89400635A47 /* Products */,
			);
			sourceTree = "<group>";
		};
		A7D5D35B191AD89400635A47 /* Products */ = {
			isa = PBXGroup;
			children = (
				A7D5D35A191AD89400635A47 /* HelloWorldExercises.app */,
				A7D5D37B191AD89500635A47 /* HelloWorldExercisesTests.xctest */,
			);
			name = Products;
			sourceTree = "<group>";
		};
		A7D5D35C191AD89400635A47 /* Frameworks */ = {
			isa = PBXGroup;
			children = (
				A7D5D35D191AD89400635A47 /* Foundation.framework */,
				A7D5D35F191AD89400635A47 /* CoreGraphics.framework */,
				A7D5D361191AD89400635A47 /* UIKit.framework */,
				A7D5D37C191AD89500635A47 /* XCTest.framework */,
			);
			name = Frameworks;
			sourceTree = "<group>";
		};
		A7D5D363191AD89400635A47 /* HelloWorldExercises */ = {
			isa = PBXGroup;
			children = (
				A7D5D36C191AD89400635A47 /* LMAAppDelegate.h */,
				A7D5D36D191AD89400635A47 /* LMAAppDelegate.m */,
				A7D5D36F191AD89400635A47 /* Main.storyboard */,
				A7D5D372191AD89400635A47 /* LMAViewController.h */,
				A7D5D373191AD89500635A47 /* LMAViewController.m */,
				A7D5D375191AD89500635A47 /* Images.xcassets */,
				A7D5D364191AD89400635A47 /* Supporting Files */,
			);
			path = HelloWorldExercises;
			sourceTree = "<group>";
		};
		A7D5D364191AD89400635A47 /* Supporting Files */ = {
			isa = PBXGroup;
			children = (
				A7D5D365191AD89400635A47 /* HelloWorldExercises-Info.plist */,
				A7D5D366191AD89400635A47 /* InfoPlist.strings */,
				A7D5D369191AD89400635A47 /* main.m */,
				A7D5D36B191AD89400635A47 /* HelloWorldExercises-Prefix.pch */,
			);
			name = "Supporting Files";
			sourceTree = "<group>";
		};
		A7D5D382191AD89500635A47 /* HelloWorldExercisesTests */ = {
			isa = PBXGroup;
			children = (
				A7D5D388191AD89500635A47 /* HelloWorldExercisesTests.m */,
				A7D5D383191AD89500635A47 /* Supporting Files */,
			);
			path = HelloWorldExercisesTests;
			sourceTree = "<group>";
		};
		A7D5D383191AD89500635A47 /* Supporting Files */ = {
			isa = PBXGroup;
			children = (
				A7D5D384191AD89500635A47 /* HelloWorldExercisesTests-Info.plist */,
				A7D5D385191AD89500635A47 /* InfoPlist.strings */,
			);
			name = "Supporting Files";
			sourceTree = "<group>";
		};
/* End PBXGroup section */

/* Begin PBXNativeTarget section */
		A7D5D359191AD89400635A47 /* HelloWorldExercises */ = {
			isa = PBXNativeTarget;
			buildConfigurationList = A7D5D38C191AD89500635A47 /* Build configuration list for PBXNativeTarget "HelloWorldExercises" */;
			buildPhases = (
				A7D5D356191AD89400635A47 /* Sources */,
				A7D5D357191AD89400635A47 /* Frameworks */,
				A7D5D358191AD89400635A47 /* Resources */,
			);
			buildRules = (
			);
			dependencies = (
			);
			name = HelloWorldExercises;
			productName = HelloWorldExercises;
			productReference = A7D5D35A191AD89400635A47 /* HelloWorldExercises.app */;
			productType = "com.apple.product-type.application";
		};
		A7D5D37A191AD89500635A47 /* HelloWorldExercisesTests */ = {
			isa = PBXNativeTarget;
			buildConfigurationList = A7D5D38F191AD89500635A47 /* Build configuration list for PBXNativeTarget "HelloWorldExercisesTests" */;
			buildPhases = (
				A7D5D377191AD89500635A47 /* Sources */,
				A7D5D378191AD89500635A47 /* Frameworks */,
				A7D5D379191AD89500635A47 /* Resources */,
			);
			buildRules = (
			);
			dependencies = (
				A7D5D381191AD89500635A47 /* PBXTargetDependency */,
			);
			name = HelloWorldExercisesTests;
			productName = HelloWorldExercisesTests;
			productReference = A7D5D37B191AD89500635A47 /* HelloWorldExercisesTests.xctest */;
			productType = "com.apple.product-type.bundle.unit-test";
		};
/* End PBXNativeTarget section */

/* Begin PBXProject section */
		A7D5D352191AD89400635A47 /* Project object */ = {
			isa = PBXProject;
			attributes = {
				CLASSPREFIX = LMA;
				LastUpgradeCheck = 0500;
				ORGANIZATIONNAME = "Learning Mobile Apps";
				TargetAttributes = {
					A7D5D37A191AD89500635A47 = {
						TestTargetID = A7D5D359191AD89400635A47;
					};
				};
			};
			buildConfigurationList = A7D5D355191AD89400635A47 /* Build configuration list for PBXProject "HelloWorldExercises" */;
			compatibilityVersion = "Xcode 3.2";
			developmentRegion = English;
			hasScannedForEncodings = 0;
			knownRegions = (
				en,
				Base,
			);
			mainGroup = A7D5D351191AD89400635A47;
			productRefGroup = A7D5D35B191AD89400635A47 /* Products */;
			projectDirPath = "";
			projectRoot = "";
			targets = (
				A7D5D359191AD89400635A47 /* HelloWorldExercises */,
				A7D5D37A191AD89500635A47 /* HelloWorldExercisesTests */,
			);
		};
/* End PBXProject section */

/* Begin PBXResourcesBuildPhase section */
		A7D5D358191AD89400635A47 /* Resources */ = {
			isa = PBXResourcesBuildPhase;
			buildActionMask = 2147483647;
			files = (
				A7D5D376191AD89500635A47 /* Images.xcassets in Resources */,
				A7D5D368191AD89400635A47 /* InfoPlist.strings in Resources */,
				A7D5D371191AD89400635A47 /* Main.storyboard in Resources */,
			);
			runOnlyForDeploymentPostprocessing = 0;
		};
		A7D5D379191AD89500635A47 /* Resources */ = {
			isa = PBXResourcesBuildPhase;
			buildActionMask = 2147483647;
			files = (
				A7D5D387191AD89500635A47 /* InfoPlist.strings in Resources */,
			);
			runOnlyForDeploymentPostprocessing = 0;
		};
/* End PBXResourcesBuildPhase section */

/* Begin PBXSourcesBuildPhase section */
		A7D5D356191AD89400635A47 /* Sources */ = {
			isa = PBXSourcesBuildPhase;
			buildActionMask = 2147483647;
			files = (
				A7D5D374191AD89500635A47 /* LMAViewController.m in Sources */,
				A7D5D36A191AD89400635A47 /* main.m in Sources */,
				A7D5D36E191AD89400635A47 /* LMAAppDelegate.m in Sources */,
			);
			runOnlyForDeploymentPostprocessing = 0;
		};
		A7D5D377191AD89500635A47 /* Sources */ = {
			isa = PBXSourcesBuildPhase;
			buildActionMask = 2147483647;
			files = (
				A7D5D389191AD89500635A47 /* HelloWorldExercisesTests.m in Sources */,
			);
			runOnlyForDeploymentPostprocessing = 0;
		};
/* End PBXSourcesBuildPhase section */

/* Begin PBXTargetDependency section */
		A7D5D381191AD89500635A47 /* PBXTargetDependency */ = {
			isa = PBXTargetDependency;
			target = A7D5D359191AD89400635A47 /* HelloWorldExercises */;
			targetProxy = A7D5D380191AD89500635A47 /* PBXContainerItemProxy */;
		};
/* End PBXTargetDependency section */

/* Begin PBXVariantGroup section */
		A7D5D366191AD89400635A47 /* InfoPlist.strings */ = {
			isa = PBXVariantGroup;
			children = (
				A7D5D367191AD89400635A47 /* en */,
			);
			name = InfoPlist.strings;
			sourceTree = "<group>";
		};
		A7D5D36F191AD89400635A47 /* Main.storyboard */ = {
			isa = PBXVariantGroup;
			children = (
				A7D5D370191AD89400635A47 /* Base */,
			);
			name = Main.storyboard;
			sourceTree = "<group>";
		};
		A7D5D385191AD89500635A47 /* InfoPlist.strings */ = {
			isa = PBXVariantGroup;
			children = (
				A7D5D386191AD89500635A47 /* en */,
			);
			name = InfoPlist.strings;
			sourceTree = "<group>";
		};
/* End PBXVariantGroup section */

/* Begin XCBuildConfiguration section */
		A7D5D38A191AD89500635A47 /* Debug */ = {
			isa = XCBuildConfiguration;
			buildSettings = {
				ALWAYS_SEARCH_USER_PATHS = NO;
				ARCHS = "$(ARCHS_STANDARD_INCLUDING_64_BIT)";
				CLANG_CXX_LANGUAGE_STANDARD = "gnu++0x";
				CLANG_CXX_LIBRARY = "libc++";
				CLANG_ENABLE_MODULES = YES;
				CLANG_ENABLE_OBJC_ARC = YES;
				CLANG_WARN_BOOL_CONVERSION = YES;
				CLANG_WARN_CONSTANT_CONVERSION = YES;
				CLANG_WARN_DIRECT_OBJC_ISA_USAGE = YES_ERROR;
				CLANG_WARN_EMPTY_BODY = YES;
				CLANG_WARN_ENUM_CONVERSION = YES;
				CLANG_WARN_INT_CONVERSION = YES;
				CLANG_WARN_OBJC_ROOT_CLASS = YES_ERROR;
				CLANG_WARN__DUPLICATE_METHOD_MATCH = YES;
				"CODE_SIGN_IDENTITY[sdk=iphoneos*]" = "iPhone Developer";
				COPY_PHASE_STRIP = NO;
				GCC_C_LANGUAGE_STANDARD = gnu99;
				GCC_DYNAMIC_NO_PIC = NO;
				GCC_OPTIMIZATION_LEVEL = 0;
				GCC_PREPROCESSOR_DEFINITIONS = (
					"DEBUG=1",
					"$(inherited)",
				);
				GCC_SYMBOLS_PRIVATE_EXTERN = NO;
				GCC_WARN_64_TO_32_BIT_CONVERSION = YES;
				GCC_WARN_ABOUT_RETURN_TYPE = YES_ERROR;
				GCC_WARN_UNDECLARED_SELECTOR = YES;
				GCC_WARN_UNINITIALIZED_AUTOS = YES;
				GCC_WARN_UNUSED_FUNCTION = YES;
				GCC_WARN_UNUSED_VARIABLE = YES;
				IPHONEOS_DEPLOYMENT_TARGET = 7.0;
				ONLY_ACTIVE_ARCH = YES;
				SDKROOT = iphoneos;
			};
			name = Debug;
		};
		A7D5D38B191AD89500635A47 /* Release */ = {
			isa = XCBuildConfiguration;
			buildSettings = {
				ALWAYS_SEARCH_USER_PATHS = NO;
				ARCHS = "$(ARCHS_STANDARD_INCLUDING_64_BIT)";
				CLANG_CXX_LANGUAGE_STANDARD = "gnu++0x";
				CLANG_CXX_LIBRARY = "libc++";
				CLANG_ENABLE_MODULES = YES;
				CLANG_ENABLE_OBJC_ARC = YES;
				CLANG_WARN_BOOL_CONVERSION = YES;
				CLANG_WARN_CONSTANT_CONVERSION = YES;
				CLANG_WARN_DIRECT_OBJC_ISA_USAGE = YES_ERROR;
				CLANG_WARN_EMPTY_BODY = YES;
				CLANG_WARN_ENUM_CONVERSION = YES;
				CLANG_WARN_INT_CONVERSION = YES;
				CLANG_WARN_OBJC_ROOT_CLASS = YES_ERROR;
				CLANG_WARN__DUPLICATE_METHOD_MATCH = YES;
				"CODE_SIGN_IDENTITY[sdk=iphoneos*]" = "iPhone Developer";
				COPY_PHASE_STRIP = YES;
				ENABLE_NS_ASSERTIONS = NO;
				GCC_C_LANGUAGE_STANDARD = gnu99;
				GCC_WARN_64_TO_32_BIT_CONVERSION = YES;
				GCC_WARN_ABOUT_RETURN_TYPE = YES_ERROR;
				GCC_WARN_UNDECLARED_SELECTOR = YES;
				GCC_WARN_UNINITIALIZED_AUTOS = YES;
				GCC_WARN_UNUSED_FUNCTION = YES;
				GCC_WARN_UNUSED_VARIABLE = YES;
				IPHONEOS_DEPLOYMENT_TARGET = 7.0;
				SDKROOT = iphoneos;
				VALIDATE_PRODUCT = YES;
			};
			name = Release;
		};
		A7D5D38D191AD89500635A47 /* Debug */ = {
			isa = XCBuildConfiguration;
			buildSettings = {
				ASSETCATALOG_COMPILER_APPICON_NAME = AppIcon;
				ASSETCATALOG_COMPILER_LAUNCHIMAGE_NAME = LaunchImage;
				GCC_PRECOMPILE_PREFIX_HEADER = YES;
				GCC_PREFIX_HEADER = "HelloWorldExercises/HelloWorldExercises-Prefix.pch";
				INFOPLIST_FILE = "HelloWorldExercises/HelloWorldExercises-Info.plist";
				PRODUCT_NAME = "$(TARGET_NAME)";
				WRAPPER_EXTENSION = app;
			};
			name = Debug;
		};
		A7D5D38E191AD89500635A47 /* Release */ = {
			isa = XCBuildConfiguration;
			buildSettings = {
				ASSETCATALOG_COMPILER_APPICON_NAME = AppIcon;
				ASSETCATALOG_COMPILER_LAUNCHIMAGE_NAME = LaunchImage;
				GCC_PRECOMPILE_PREFIX_HEADER = YES;
				GCC_PREFIX_HEADER = "HelloWorldExercises/HelloWorldExercises-Prefix.pch";
				INFOPLIST_FILE = "HelloWorldExercises/HelloWorldExercises-Info.plist";
				PRODUCT_NAME = "$(TARGET_NAME)";
				WRAPPER_EXTENSION = app;
			};
			name = Release;
		};
		A7D5D390191AD89500635A47 /* Debug */ = {
			isa = XCBuildConfiguration;
			buildSettings = {
				ARCHS = "$(ARCHS_STANDARD_INCLUDING_64_BIT)";
				BUNDLE_LOADER = "$(BUILT_PRODUCTS_DIR)/HelloWorldExercises.app/HelloWorldExercises";
				FRAMEWORK_SEARCH_PATHS = (
					"$(SDKROOT)/Developer/Library/Frameworks",
					"$(inherited)",
					"$(DEVELOPER_FRAMEWORKS_DIR)",
				);
				GCC_PRECOMPILE_PREFIX_HEADER = YES;
				GCC_PREFIX_HEADER = "HelloWorldExercises/HelloWorldExercises-Prefix.pch";
				GCC_PREPROCESSOR_DEFINITIONS = (
					"DEBUG=1",
					"$(inherited)",
				);
				INFOPLIST_FILE = "HelloWorldExercisesTests/HelloWorldExercisesTests-Info.plist";
				PRODUCT_NAME = "$(TARGET_NAME)";
				TEST_HOST = "$(BUNDLE_LOADER)";
				WRAPPER_EXTENSION = xctest;
			};
			name = Debug;
		};
		A7D5D391191AD89500635A47 /* Release */ = {
			isa = XCBuildConfiguration;
			buildSettings = {
				ARCHS = "$(ARCHS_STANDARD_INCLUDING_64_BIT)";
				BUNDLE_LOADER = "$(BUILT_PRODUCTS_DIR)/HelloWorldExercises.app/HelloWorldExercises";
				FRAMEWORK_SEARCH_PATHS = (
					"$(SDKROOT)/Developer/Library/Frameworks",
					"$(inherited)",
					"$(DEVELOPER_FRAMEWORKS_DIR)",
				);
				GCC_PRECOMPILE_PREFIX_HEADER = YES;
				GCC_PREFIX_HEADER = "HelloWorldExercises/HelloWorldExercises-Prefix.pch";
				INFOPLIST_FILE = "HelloWorldExercisesTests/HelloWorldExercisesTests-Info.plist";
				PRODUCT_NAME = "$(TARGET_NAME)";
				TEST_HOST = "$(BUNDLE_LOADER)";
				WRAPPER_EXTENSION = xctest;
			};
			name = Release;
		};
/* End XCBuildConfiguration section */

/* Begin XCConfigurationList section */
		A7D5D355191AD89400635A47 /* Build configuration list for PBXProject "HelloWorldExercises" */ = {
			isa = XCConfigurationList;
			buildConfigurations = (
				A7D5D38A191AD89500635A47 /* Debug */,
				A7D5D38B191AD89500635A47 /* Release */,
			);
			defaultConfigurationIsVisible = 0;
			defaultConfigurationName = Release;
		};
		A7D5D38C191AD89500635A47 /* Build configuration list for PBXNativeTarget "HelloWorldExercises" */ = {
			isa = XCConfigurationList;
			buildConfigurations = (
				A7D5D38D191AD89500635A47 /* Debug */,
				A7D5D38E191AD89500635A47 /* Release */,
			);
			defaultConfigurationIsVisible = 0;
		};
		A7D5D38F191AD89500635A47 /* Build configuration list for PBXNativeTarget "HelloWorldExercisesTests" */ = {
			isa = XCConfigurationList;
			buildConfigurations = (
				A7D5D390191AD89500635A47 /* Debug */,
				A7D5D391191AD89500635A47 /* Release */,
			);
			defaultConfigurationIsVisible = 0;
		};
/* End XCConfigurationList section */
	};
	rootObject = A7D5D352191AD89400635A47 /* Project object */;
}
